PODS:
  - Expecta (1.0.6)
  - GoogleAds-IMA-iOS-SDK (3.18.1)
  - Mux-Stats-AVPlayer (3.0.0):
    - Mux-Stats-Core (~> 4.0)
  - Mux-Stats-Core (4.0.0)
  - Mux-Stats-Google-IMA (0.9.0):
    - GoogleAds-IMA-iOS-SDK (~> 3.16)
    - GoogleAds-IMA-tvOS-SDK (~> 4.6)
    - Mux-Stats-AVPlayer (~> 3.0)
  - Specta (2.0.0)

DEPENDENCIES:
  - Expecta
  - Mux-Stats-Google-IMA (from `../`)
  - Specta

SPEC REPOS:
  trunk:
    - Expecta
    - GoogleAds-IMA-iOS-SDK
    - Mux-Stats-AVPlayer
    - Mux-Stats-Core
    - Specta

EXTERNAL SOURCES:
  Mux-Stats-Google-IMA:
    :path: "../"

SPEC CHECKSUMS:
  Expecta: 3b6bd90a64b9a1dcb0b70aa0e10a7f8f631667d5
  GoogleAds-IMA-iOS-SDK: 54941bbcc0fc7408ad5ee13e4347343604927eea
  Mux-Stats-AVPlayer: c738d1c42ec8f3c5e155bfcfcb694b0f20768c17
  Mux-Stats-Core: 619b7da5505ef3420560577ec8bb4cab258ba30d
  Mux-Stats-Google-IMA: aa21aa5509fca6707d7615fee5d3c8d68f62057c
  Specta: b79d84043684b35ffdc2680df578dc318ec2efc2

PODFILE CHECKSUM: 54b5283012c4ec4b666babe0313e76f5cb259dd5

COCOAPODS: 1.11.3
