PODS:
  - Expecta (1.0.6)
  - GoogleAds-IMA-iOS-SDK (3.16.3)
  - Mux-Stats-AVPlayer (2.10.0):
    - Mux-Stats-Core (~> 3.8)
  - Mux-Stats-Core (3.8.0)
  - Mux-Stats-Google-IMA (0.8.0):
    - GoogleAds-IMA-iOS-SDK (~> 3.16)
    - GoogleAds-IMA-tvOS-SDK (~> 4.6)
    - Mux-Stats-AVPlayer (~> 2.10)
  - Specta (1.0.7)

DEPENDENCIES:
  - Expecta
  - Mux-Stats-Google-IMA (from `../`)
  - Specta

SPEC REPOS:
  trunk:
    - Expecta
    - GoogleAds-IMA-iOS-SDK
    - Mux-Stats-AVPlayer
    - Mux-Stats-Core
    - Specta

EXTERNAL SOURCES:
  Mux-Stats-Google-IMA:
    :path: "../"

SPEC CHECKSUMS:
  Expecta: 3b6bd90a64b9a1dcb0b70aa0e10a7f8f631667d5
  GoogleAds-IMA-iOS-SDK: 1aba71fa5b58dc463cc5b752f06e970ec7c739c1
  Mux-Stats-AVPlayer: 9f7452ce201a8d4af500027a7d9b5746e25eea5c
  Mux-Stats-Core: cb72e59db58a12f04a54a7634567f20f16b9453a
  Mux-Stats-Google-IMA: 0e4c3c9e77159be94baa96c74d75861b9616d573
  Specta: 3e1bd89c3517421982dc4d1c992503e48bd5fe66

PODFILE CHECKSUM: 95e48c48a4efb20f1822c750f01f9c105d46475a

COCOAPODS: 1.11.2
