{
  "pins" : [
    {
      "identity" : "mux-stats-sdk-avplayer",
      "kind" : "remoteSourceControl",
      "location" : "https://github.com/muxinc/mux-stats-sdk-avplayer.git",
      "state" : {
        "revision" : "dec068faeaeb94165057a3ca96ee8e04041a1c1f",
        "version" : "4.1.0"
      }
    },
    {
      "identity" : "stats-sdk-objc",
      "kind" : "remoteSourceControl",
      "location" : "https://github.com/muxinc/stats-sdk-objc.git",
      "state" : {
        "revision" : "856a4a6eb418b85d12b3c3435ecb615eb356c623",
        "version" : "5.1.0"
      }
    }
  ],
  "version" : 2
}
