{
  "originHash" : "dbdc44e8c272d3c6ea5f4989e6947164e47cf954ba71108806c7bda804e23296",
  "pins" : [
    {
      "identity" : "mux-stats-sdk-avplayer",
      "kind" : "remoteSourceControl",
      "location" : "https://github.com/muxinc/mux-stats-sdk-avplayer.git",
      "state" : {
        "branch" : "feat/send-ended-on-playeritem-end",
        "revision" : "cc04f90aacc77d8773852e684f3975c264e12749"
      }
    },
    {
      "identity" : "stats-sdk-objc",
      "kind" : "remoteSourceControl",
      "location" : "https://github.com/muxinc/stats-sdk-objc.git",
      "state" : {
        "revision" : "b75c77756b43d6dfe6d93c1f3445e23843d497ea",
        "version" : "5.1.2"
      }
    }
  ],
  "version" : 3
}
