// !$*UTF8*$!
{
	archiveVersion = 1;
	classes = {
	};
	objectVersion = 77;
	objects = {

/* Begin PBXBuildFile section */
		19330C852CDB4A2C00F9221E /* MuxStatsGoogleIMAPlugin in Frameworks */ = {isa = PBXBuildFile; productRef = 19330C842CDB4A2C00F9221E /* MuxStatsGoogleIMAPlugin */; };
		193D52B62CAB6B32004F20AA /* MuxStatsGoogleIMAPlugin in Frameworks */ = {isa = PBXBuildFile; productRef = 193D52B52CAB6B32004F20AA /* MuxStatsGoogleIMAPlugin */; };
/* End PBXBuildFile section */

/* Begin PBXContainerItemProxy section */
		193D52922CAB6991004F20AA /* PBXContainerItemProxy */ = {
			isa = PBXContainerItemProxy;
			containerPortal = 193D52792CAB698F004F20AA /* Project object */;
			proxyType = 1;
			remoteGlobalIDString = 193D52802CAB698F004F20AA;
			remoteInfo = MuxStatsGoogleIMAPluginSPMExampleIOS;
		};
		193D529C2CAB6991004F20AA /* PBXContainerItemProxy */ = {
			isa = PBXContainerItemProxy;
			containerPortal = 193D52792CAB698F004F20AA /* Project object */;
			proxyType = 1;
			remoteGlobalIDString = 193D52802CAB698F004F20AA;
			remoteInfo = MuxStatsGoogleIMAPluginSPMExampleIOS;
		};
/* End PBXContainerItemProxy section */

/* Begin PBXFileReference section */
		193D52812CAB698F004F20AA /* MuxStatsGoogleIMAPluginSPMExampleIOS.app */ = {isa = PBXFileReference; explicitFileType = wrapper.application; includeInIndex = 0; path = MuxStatsGoogleIMAPluginSPMExampleIOS.app; sourceTree = BUILT_PRODUCTS_DIR; };
		193D52912CAB6991004F20AA /* MuxStatsGoogleIMAPluginSPMExampleIOSTests.xctest */ = {isa = PBXFileReference; explicitFileType = wrapper.cfbundle; includeInIndex = 0; path = MuxStatsGoogleIMAPluginSPMExampleIOSTests.xctest; sourceTree = BUILT_PRODUCTS_DIR; };
		193D529B2CAB6991004F20AA /* MuxStatsGoogleIMAPluginSPMExampleIOSUITests.xctest */ = {isa = PBXFileReference; explicitFileType = wrapper.cfbundle; includeInIndex = 0; path = MuxStatsGoogleIMAPluginSPMExampleIOSUITests.xctest; sourceTree = BUILT_PRODUCTS_DIR; };
/* End PBXFileReference section */

/* Begin PBXFileSystemSynchronizedBuildFileExceptionSet section */
		193D52BB2CAB767E004F20AA /* Exceptions for "MuxStatsGoogleIMAPluginSPMExampleIOS" folder in "MuxStatsGoogleIMAPluginSPMExampleIOS" target */ = {
			isa = PBXFileSystemSynchronizedBuildFileExceptionSet;
			membershipExceptions = (
				Info.plist,
			);
			target = 193D52802CAB698F004F20AA /* MuxStatsGoogleIMAPluginSPMExampleIOS */;
		};
/* End PBXFileSystemSynchronizedBuildFileExceptionSet section */

/* Begin PBXFileSystemSynchronizedRootGroup section */
		193D52832CAB698F004F20AA /* MuxStatsGoogleIMAPluginSPMExampleIOS */ = {
			isa = PBXFileSystemSynchronizedRootGroup;
			exceptions = (
				193D52BB2CAB767E004F20AA /* Exceptions for "MuxStatsGoogleIMAPluginSPMExampleIOS" folder in "MuxStatsGoogleIMAPluginSPMExampleIOS" target */,
			);
			path = MuxStatsGoogleIMAPluginSPMExampleIOS;
			sourceTree = "<group>";
		};
		193D52942CAB6991004F20AA /* MuxStatsGoogleIMAPluginSPMExampleIOSTests */ = {
			isa = PBXFileSystemSynchronizedRootGroup;
			path = MuxStatsGoogleIMAPluginSPMExampleIOSTests;
			sourceTree = "<group>";
		};
		193D529E2CAB6991004F20AA /* MuxStatsGoogleIMAPluginSPMExampleIOSUITests */ = {
			isa = PBXFileSystemSynchronizedRootGroup;
			path = MuxStatsGoogleIMAPluginSPMExampleIOSUITests;
			sourceTree = "<group>";
		};
/* End PBXFileSystemSynchronizedRootGroup section */

/* Begin PBXFrameworksBuildPhase section */
		193D527E2CAB698F004F20AA /* Frameworks */ = {
			isa = PBXFrameworksBuildPhase;
			buildActionMask = 2147483647;
			files = (
				193D52B62CAB6B32004F20AA /* MuxStatsGoogleIMAPlugin in Frameworks */,
				19330C852CDB4A2C00F9221E /* MuxStatsGoogleIMAPlugin in Frameworks */,
			);
			runOnlyForDeploymentPostprocessing = 0;
		};
		193D528E2CAB6991004F20AA /* Frameworks */ = {
			isa = PBXFrameworksBuildPhase;
			buildActionMask = 2147483647;
			files = (
			);
			runOnlyForDeploymentPostprocessing = 0;
		};
		193D52982CAB6991004F20AA /* Frameworks */ = {
			isa = PBXFrameworksBuildPhase;
			buildActionMask = 2147483647;
			files = (
			);
			runOnlyForDeploymentPostprocessing = 0;
		};
/* End PBXFrameworksBuildPhase section */

/* Begin PBXGroup section */
		193D52782CAB698F004F20AA = {
			isa = PBXGroup;
			children = (
				193D52832CAB698F004F20AA /* MuxStatsGoogleIMAPluginSPMExampleIOS */,
				193D52942CAB6991004F20AA /* MuxStatsGoogleIMAPluginSPMExampleIOSTests */,
				193D529E2CAB6991004F20AA /* MuxStatsGoogleIMAPluginSPMExampleIOSUITests */,
				193D52822CAB698F004F20AA /* Products */,
			);
			sourceTree = "<group>";
		};
		193D52822CAB698F004F20AA /* Products */ = {
			isa = PBXGroup;
			children = (
				193D52812CAB698F004F20AA /* MuxStatsGoogleIMAPluginSPMExampleIOS.app */,
				193D52912CAB6991004F20AA /* MuxStatsGoogleIMAPluginSPMExampleIOSTests.xctest */,
				193D529B2CAB6991004F20AA /* MuxStatsGoogleIMAPluginSPMExampleIOSUITests.xctest */,
			);
			name = Products;
			sourceTree = "<group>";
		};
/* End PBXGroup section */

/* Begin PBXNativeTarget section */
		193D52802CAB698F004F20AA /* MuxStatsGoogleIMAPluginSPMExampleIOS */ = {
			isa = PBXNativeTarget;
			buildConfigurationList = 193D52A52CAB6991004F20AA /* Build configuration list for PBXNativeTarget "MuxStatsGoogleIMAPluginSPMExampleIOS" */;
			buildPhases = (
				193D527D2CAB698F004F20AA /* Sources */,
				193D527E2CAB698F004F20AA /* Frameworks */,
				193D527F2CAB698F004F20AA /* Resources */,
			);
			buildRules = (
			);
			dependencies = (
			);
			fileSystemSynchronizedGroups = (
				193D52832CAB698F004F20AA /* MuxStatsGoogleIMAPluginSPMExampleIOS */,
			);
			name = MuxStatsGoogleIMAPluginSPMExampleIOS;
			packageProductDependencies = (
				193D52B52CAB6B32004F20AA /* MuxStatsGoogleIMAPlugin */,
				19330C842CDB4A2C00F9221E /* MuxStatsGoogleIMAPlugin */,
			);
			productName = MuxStatsGoogleIMAPluginSPMExampleIOS;
			productReference = 193D52812CAB698F004F20AA /* MuxStatsGoogleIMAPluginSPMExampleIOS.app */;
			productType = "com.apple.product-type.application";
		};
		193D52902CAB6991004F20AA /* MuxStatsGoogleIMAPluginSPMExampleIOSTests */ = {
			isa = PBXNativeTarget;
			buildConfigurationList = 193D52A82CAB6991004F20AA /* Build configuration list for PBXNativeTarget "MuxStatsGoogleIMAPluginSPMExampleIOSTests" */;
			buildPhases = (
				193D528D2CAB6991004F20AA /* Sources */,
				193D528E2CAB6991004F20AA /* Frameworks */,
				193D528F2CAB6991004F20AA /* Resources */,
			);
			buildRules = (
			);
			dependencies = (
				193D52932CAB6991004F20AA /* PBXTargetDependency */,
			);
			fileSystemSynchronizedGroups = (
				193D52942CAB6991004F20AA /* MuxStatsGoogleIMAPluginSPMExampleIOSTests */,
			);
			name = MuxStatsGoogleIMAPluginSPMExampleIOSTests;
			packageProductDependencies = (
			);
			productName = MuxStatsGoogleIMAPluginSPMExampleIOSTests;
			productReference = 193D52912CAB6991004F20AA /* MuxStatsGoogleIMAPluginSPMExampleIOSTests.xctest */;
			productType = "com.apple.product-type.bundle.unit-test";
		};
		193D529A2CAB6991004F20AA /* MuxStatsGoogleIMAPluginSPMExampleIOSUITests */ = {
			isa = PBXNativeTarget;
			buildConfigurationList = 193D52AB2CAB6991004F20AA /* Build configuration list for PBXNativeTarget "MuxStatsGoogleIMAPluginSPMExampleIOSUITests" */;
			buildPhases = (
				193D52972CAB6991004F20AA /* Sources */,
				193D52982CAB6991004F20AA /* Frameworks */,
				193D52992CAB6991004F20AA /* Resources */,
			);
			buildRules = (
			);
			dependencies = (
				193D529D2CAB6991004F20AA /* PBXTargetDependency */,
			);
			fileSystemSynchronizedGroups = (
				193D529E2CAB6991004F20AA /* MuxStatsGoogleIMAPluginSPMExampleIOSUITests */,
			);
			name = MuxStatsGoogleIMAPluginSPMExampleIOSUITests;
			packageProductDependencies = (
			);
			productName = MuxStatsGoogleIMAPluginSPMExampleIOSUITests;
			productReference = 193D529B2CAB6991004F20AA /* MuxStatsGoogleIMAPluginSPMExampleIOSUITests.xctest */;
			productType = "com.apple.product-type.bundle.ui-testing";
		};
/* End PBXNativeTarget section */

/* Begin PBXProject section */
		193D52792CAB698F004F20AA /* Project object */ = {
			isa = PBXProject;
			attributes = {
				BuildIndependentTargetsInParallel = 1;
				LastSwiftUpdateCheck = 1600;
				LastUpgradeCheck = 1600;
				TargetAttributes = {
					193D52802CAB698F004F20AA = {
						CreatedOnToolsVersion = 16.0;
					};
					193D52902CAB6991004F20AA = {
						CreatedOnToolsVersion = 16.0;
						TestTargetID = 193D52802CAB698F004F20AA;
					};
					193D529A2CAB6991004F20AA = {
						CreatedOnToolsVersion = 16.0;
						TestTargetID = 193D52802CAB698F004F20AA;
					};
				};
			};
			buildConfigurationList = 193D527C2CAB698F004F20AA /* Build configuration list for PBXProject "MuxStatsGoogleIMAPluginSPMExampleIOS" */;
			developmentRegion = en;
			hasScannedForEncodings = 0;
			knownRegions = (
				en,
				Base,
			);
			mainGroup = 193D52782CAB698F004F20AA;
			minimizedProjectReferenceProxies = 1;
			packageReferences = (
				19330C832CDB4A2C00F9221E /* XCLocalSwiftPackageReference "../../../mux-stats-google-ima" */,
			);
			preferredProjectObjectVersion = 77;
			productRefGroup = 193D52822CAB698F004F20AA /* Products */;
			projectDirPath = "";
			projectRoot = "";
			targets = (
				193D52802CAB698F004F20AA /* MuxStatsGoogleIMAPluginSPMExampleIOS */,
				193D52902CAB6991004F20AA /* MuxStatsGoogleIMAPluginSPMExampleIOSTests */,
				193D529A2CAB6991004F20AA /* MuxStatsGoogleIMAPluginSPMExampleIOSUITests */,
			);
		};
/* End PBXProject section */

/* Begin PBXResourcesBuildPhase section */
		193D527F2CAB698F004F20AA /* Resources */ = {
			isa = PBXResourcesBuildPhase;
			buildActionMask = 2147483647;
			files = (
			);
			runOnlyForDeploymentPostprocessing = 0;
		};
		193D528F2CAB6991004F20AA /* Resources */ = {
			isa = PBXResourcesBuildPhase;
			buildActionMask = 2147483647;
			files = (
			);
			runOnlyForDeploymentPostprocessing = 0;
		};
		193D52992CAB6991004F20AA /* Resources */ = {
			isa = PBXResourcesBuildPhase;
			buildActionMask = 2147483647;
			files = (
			);
			runOnlyForDeploymentPostprocessing = 0;
		};
/* End PBXResourcesBuildPhase section */

/* Begin PBXSourcesBuildPhase section */
		193D527D2CAB698F004F20AA /* Sources */ = {
			isa = PBXSourcesBuildPhase;
			buildActionMask = 2147483647;
			files = (
			);
			runOnlyForDeploymentPostprocessing = 0;
		};
		193D528D2CAB6991004F20AA /* Sources */ = {
			isa = PBXSourcesBuildPhase;
			buildActionMask = 2147483647;
			files = (
			);
			runOnlyForDeploymentPostprocessing = 0;
		};
		193D52972CAB6991004F20AA /* Sources */ = {
			isa = PBXSourcesBuildPhase;
			buildActionMask = 2147483647;
			files = (
			);
			runOnlyForDeploymentPostprocessing = 0;
		};
/* End PBXSourcesBuildPhase section */

/* Begin PBXTargetDependency section */
		193D52932CAB6991004F20AA /* PBXTargetDependency */ = {
			isa = PBXTargetDependency;
			target = 193D52802CAB698F004F20AA /* MuxStatsGoogleIMAPluginSPMExampleIOS */;
			targetProxy = 193D52922CAB6991004F20AA /* PBXContainerItemProxy */;
		};
		193D529D2CAB6991004F20AA /* PBXTargetDependency */ = {
			isa = PBXTargetDependency;
			target = 193D52802CAB698F004F20AA /* MuxStatsGoogleIMAPluginSPMExampleIOS */;
			targetProxy = 193D529C2CAB6991004F20AA /* PBXContainerItemProxy */;
		};
/* End PBXTargetDependency section */

/* Begin XCBuildConfiguration section */
		193D52A32CAB6991004F20AA /* Debug */ = {
			isa = XCBuildConfiguration;
			buildSettings = {
				ALWAYS_SEARCH_USER_PATHS = NO;
				ASSETCATALOG_COMPILER_GENERATE_SWIFT_ASSET_SYMBOL_EXTENSIONS = YES;
				CLANG_ANALYZER_NONNULL = YES;
				CLANG_ANALYZER_NUMBER_OBJECT_CONVERSION = YES_AGGRESSIVE;
				CLANG_CXX_LANGUAGE_STANDARD = "gnu++20";
				CLANG_ENABLE_MODULES = YES;
				CLANG_ENABLE_OBJC_ARC = YES;
				CLANG_ENABLE_OBJC_WEAK = YES;
				CLANG_WARN_BLOCK_CAPTURE_AUTORELEASING = YES;
				CLANG_WARN_BOOL_CONVERSION = YES;
				CLANG_WARN_COMMA = YES;
				CLANG_WARN_CONSTANT_CONVERSION = YES;
				CLANG_WARN_DEPRECATED_OBJC_IMPLEMENTATIONS = YES;
				CLANG_WARN_DIRECT_OBJC_ISA_USAGE = YES_ERROR;
				CLANG_WARN_DOCUMENTATION_COMMENTS = YES;
				CLANG_WARN_EMPTY_BODY = YES;
				CLANG_WARN_ENUM_CONVERSION = YES;
				CLANG_WARN_INFINITE_RECURSION = YES;
				CLANG_WARN_INT_CONVERSION = YES;
				CLANG_WARN_NON_LITERAL_NULL_CONVERSION = YES;
				CLANG_WARN_OBJC_IMPLICIT_RETAIN_SELF = YES;
				CLANG_WARN_OBJC_LITERAL_CONVERSION = YES;
				CLANG_WARN_OBJC_ROOT_CLASS = YES_ERROR;
				CLANG_WARN_QUOTED_INCLUDE_IN_FRAMEWORK_HEADER = YES;
				CLANG_WARN_RANGE_LOOP_ANALYSIS = YES;
				CLANG_WARN_STRICT_PROTOTYPES = YES;
				CLANG_WARN_SUSPICIOUS_MOVE = YES;
				CLANG_WARN_UNGUARDED_AVAILABILITY = YES_AGGRESSIVE;
				CLANG_WARN_UNREACHABLE_CODE = YES;
				CLANG_WARN__DUPLICATE_METHOD_MATCH = YES;
				COPY_PHASE_STRIP = NO;
				DEBUG_INFORMATION_FORMAT = dwarf;
				ENABLE_STRICT_OBJC_MSGSEND = YES;
				ENABLE_TESTABILITY = YES;
				ENABLE_USER_SCRIPT_SANDBOXING = YES;
				GCC_C_LANGUAGE_STANDARD = gnu17;
				GCC_DYNAMIC_NO_PIC = NO;
				GCC_NO_COMMON_BLOCKS = YES;
				GCC_OPTIMIZATION_LEVEL = 0;
				GCC_PREPROCESSOR_DEFINITIONS = (
					"DEBUG=1",
					"$(inherited)",
				);
				GCC_WARN_64_TO_32_BIT_CONVERSION = YES;
				GCC_WARN_ABOUT_RETURN_TYPE = YES_ERROR;
				GCC_WARN_UNDECLARED_SELECTOR = YES;
				GCC_WARN_UNINITIALIZED_AUTOS = YES_AGGRESSIVE;
				GCC_WARN_UNUSED_FUNCTION = YES;
				GCC_WARN_UNUSED_VARIABLE = YES;
				IPHONEOS_DEPLOYMENT_TARGET = 18.0;
				LOCALIZATION_PREFERS_STRING_CATALOGS = YES;
				MTL_ENABLE_DEBUG_INFO = INCLUDE_SOURCE;
				MTL_FAST_MATH = YES;
				ONLY_ACTIVE_ARCH = YES;
				SDKROOT = iphoneos;
				SWIFT_ACTIVE_COMPILATION_CONDITIONS = "DEBUG $(inherited)";
				SWIFT_OPTIMIZATION_LEVEL = "-Onone";
			};
			name = Debug;
		};
		193D52A42CAB6991004F20AA /* Release */ = {
			isa = XCBuildConfiguration;
			buildSettings = {
				ALWAYS_SEARCH_USER_PATHS = NO;
				ASSETCATALOG_COMPILER_GENERATE_SWIFT_ASSET_SYMBOL_EXTENSIONS = YES;
				CLANG_ANALYZER_NONNULL = YES;
				CLANG_ANALYZER_NUMBER_OBJECT_CONVERSION = YES_AGGRESSIVE;
				CLANG_CXX_LANGUAGE_STANDARD = "gnu++20";
				CLANG_ENABLE_MODULES = YES;
				CLANG_ENABLE_OBJC_ARC = YES;
				CLANG_ENABLE_OBJC_WEAK = YES;
				CLANG_WARN_BLOCK_CAPTURE_AUTORELEASING = YES;
				CLANG_WARN_BOOL_CONVERSION = YES;
				CLANG_WARN_COMMA = YES;
				CLANG_WARN_CONSTANT_CONVERSION = YES;
				CLANG_WARN_DEPRECATED_OBJC_IMPLEMENTATIONS = YES;
				CLANG_WARN_DIRECT_OBJC_ISA_USAGE = YES_ERROR;
				CLANG_WARN_DOCUMENTATION_COMMENTS = YES;
				CLANG_WARN_EMPTY_BODY = YES;
				CLANG_WARN_ENUM_CONVERSION = YES;
				CLANG_WARN_INFINITE_RECURSION = YES;
				CLANG_WARN_INT_CONVERSION = YES;
				CLANG_WARN_NON_LITERAL_NULL_CONVERSION = YES;
				CLANG_WARN_OBJC_IMPLICIT_RETAIN_SELF = YES;
				CLANG_WARN_OBJC_LITERAL_CONVERSION = YES;
				CLANG_WARN_OBJC_ROOT_CLASS = YES_ERROR;
				CLANG_WARN_QUOTED_INCLUDE_IN_FRAMEWORK_HEADER = YES;
				CLANG_WARN_RANGE_LOOP_ANALYSIS = YES;
				CLANG_WARN_STRICT_PROTOTYPES = YES;
				CLANG_WARN_SUSPICIOUS_MOVE = YES;
				CLANG_WARN_UNGUARDED_AVAILABILITY = YES_AGGRESSIVE;
				CLANG_WARN_UNREACHABLE_CODE = YES;
				CLANG_WARN__DUPLICATE_METHOD_MATCH = YES;
				COPY_PHASE_STRIP = NO;
				DEBUG_INFORMATION_FORMAT = "dwarf-with-dsym";
				ENABLE_NS_ASSERTIONS = NO;
				ENABLE_STRICT_OBJC_MSGSEND = YES;
				ENABLE_USER_SCRIPT_SANDBOXING = YES;
				GCC_C_LANGUAGE_STANDARD = gnu17;
				GCC_NO_COMMON_BLOCKS = YES;
				GCC_WARN_64_TO_32_BIT_CONVERSION = YES;
				GCC_WARN_ABOUT_RETURN_TYPE = YES_ERROR;
				GCC_WARN_UNDECLARED_SELECTOR = YES;
				GCC_WARN_UNINITIALIZED_AUTOS = YES_AGGRESSIVE;
				GCC_WARN_UNUSED_FUNCTION = YES;
				GCC_WARN_UNUSED_VARIABLE = YES;
				IPHONEOS_DEPLOYMENT_TARGET = 18.0;
				LOCALIZATION_PREFERS_STRING_CATALOGS = YES;
				MTL_ENABLE_DEBUG_INFO = NO;
				MTL_FAST_MATH = YES;
				SDKROOT = iphoneos;
				SWIFT_COMPILATION_MODE = wholemodule;
				VALIDATE_PRODUCT = YES;
			};
			name = Release;
		};
		193D52A62CAB6991004F20AA /* Debug */ = {
			isa = XCBuildConfiguration;
			buildSettings = {
				ASSETCATALOG_COMPILER_APPICON_NAME = AppIcon;
				ASSETCATALOG_COMPILER_GLOBAL_ACCENT_COLOR_NAME = AccentColor;
				CODE_SIGN_STYLE = Automatic;
				CURRENT_PROJECT_VERSION = 1;
				DEVELOPMENT_ASSET_PATHS = "\"MuxStatsGoogleIMAPluginSPMExampleIOS/Preview Content\"";
				DEVELOPMENT_TEAM = XX95P4Y787;
				ENABLE_PREVIEWS = YES;
				GENERATE_INFOPLIST_FILE = YES;
				INFOPLIST_FILE = MuxStatsGoogleIMAPluginSPMExampleIOS/Info.plist;
				INFOPLIST_KEY_UIApplicationSceneManifest_Generation = YES;
				INFOPLIST_KEY_UIApplicationSupportsIndirectInputEvents = YES;
				INFOPLIST_KEY_UILaunchScreen_Generation = YES;
				INFOPLIST_KEY_UISupportedInterfaceOrientations_iPad = "UIInterfaceOrientationPortrait UIInterfaceOrientationPortraitUpsideDown UIInterfaceOrientationLandscapeLeft UIInterfaceOrientationLandscapeRight";
				INFOPLIST_KEY_UISupportedInterfaceOrientations_iPhone = "UIInterfaceOrientationPortrait UIInterfaceOrientationLandscapeLeft UIInterfaceOrientationLandscapeRight";
				LD_RUNPATH_SEARCH_PATHS = (
					"$(inherited)",
					"@executable_path/Frameworks",
				);
				MARKETING_VERSION = 1.0;
				PRODUCT_BUNDLE_IDENTIFIER = com.mux.data.googleimaplugin.spmexample.ios.MuxStatsGoogleIMAPluginSPMExampleIOS;
				PRODUCT_NAME = "$(TARGET_NAME)";
				SWIFT_EMIT_LOC_STRINGS = YES;
				SWIFT_VERSION = 5.0;
				TARGETED_DEVICE_FAMILY = "1,2";
			};
			name = Debug;
		};
		193D52A72CAB6991004F20AA /* Release */ = {
			isa = XCBuildConfiguration;
			buildSettings = {
				ASSETCATALOG_COMPILER_APPICON_NAME = AppIcon;
				ASSETCATALOG_COMPILER_GLOBAL_ACCENT_COLOR_NAME = AccentColor;
				CODE_SIGN_STYLE = Automatic;
				CURRENT_PROJECT_VERSION = 1;
				DEVELOPMENT_ASSET_PATHS = "\"MuxStatsGoogleIMAPluginSPMExampleIOS/Preview Content\"";
				DEVELOPMENT_TEAM = XX95P4Y787;
				ENABLE_PREVIEWS = YES;
				GENERATE_INFOPLIST_FILE = YES;
				INFOPLIST_FILE = MuxStatsGoogleIMAPluginSPMExampleIOS/Info.plist;
				INFOPLIST_KEY_UIApplicationSceneManifest_Generation = YES;
				INFOPLIST_KEY_UIApplicationSupportsIndirectInputEvents = YES;
				INFOPLIST_KEY_UILaunchScreen_Generation = YES;
				INFOPLIST_KEY_UISupportedInterfaceOrientations_iPad = "UIInterfaceOrientationPortrait UIInterfaceOrientationPortraitUpsideDown UIInterfaceOrientationLandscapeLeft UIInterfaceOrientationLandscapeRight";
				INFOPLIST_KEY_UISupportedInterfaceOrientations_iPhone = "UIInterfaceOrientationPortrait UIInterfaceOrientationLandscapeLeft UIInterfaceOrientationLandscapeRight";
				LD_RUNPATH_SEARCH_PATHS = (
					"$(inherited)",
					"@executable_path/Frameworks",
				);
				MARKETING_VERSION = 1.0;
				PRODUCT_BUNDLE_IDENTIFIER = com.mux.data.googleimaplugin.spmexample.ios.MuxStatsGoogleIMAPluginSPMExampleIOS;
				PRODUCT_NAME = "$(TARGET_NAME)";
				SWIFT_EMIT_LOC_STRINGS = YES;
				SWIFT_VERSION = 5.0;
				TARGETED_DEVICE_FAMILY = "1,2";
			};
			name = Release;
		};
		193D52A92CAB6991004F20AA /* Debug */ = {
			isa = XCBuildConfiguration;
			buildSettings = {
				BUNDLE_LOADER = "$(TEST_HOST)";
				CODE_SIGN_STYLE = Automatic;
				CURRENT_PROJECT_VERSION = 1;
				DEVELOPMENT_TEAM = XX95P4Y787;
				GENERATE_INFOPLIST_FILE = YES;
				IPHONEOS_DEPLOYMENT_TARGET = 18.0;
				MARKETING_VERSION = 1.0;
				PRODUCT_BUNDLE_IDENTIFIER = com.mux.data.googleimaplugin.spmexample.ios.MuxStatsGoogleIMAPluginSPMExampleIOSTests;
				PRODUCT_NAME = "$(TARGET_NAME)";
				SWIFT_EMIT_LOC_STRINGS = NO;
				SWIFT_VERSION = 5.0;
				TARGETED_DEVICE_FAMILY = "1,2";
				TEST_HOST = "$(BUILT_PRODUCTS_DIR)/MuxStatsGoogleIMAPluginSPMExampleIOS.app/$(BUNDLE_EXECUTABLE_FOLDER_PATH)/MuxStatsGoogleIMAPluginSPMExampleIOS";
			};
			name = Debug;
		};
		193D52AA2CAB6991004F20AA /* Release */ = {
			isa = XCBuildConfiguration;
			buildSettings = {
				BUNDLE_LOADER = "$(TEST_HOST)";
				CODE_SIGN_STYLE = Automatic;
				CURRENT_PROJECT_VERSION = 1;
				DEVELOPMENT_TEAM = XX95P4Y787;
				GENERATE_INFOPLIST_FILE = YES;
				IPHONEOS_DEPLOYMENT_TARGET = 18.0;
				MARKETING_VERSION = 1.0;
				PRODUCT_BUNDLE_IDENTIFIER = com.mux.data.googleimaplugin.spmexample.ios.MuxStatsGoogleIMAPluginSPMExampleIOSTests;
				PRODUCT_NAME = "$(TARGET_NAME)";
				SWIFT_EMIT_LOC_STRINGS = NO;
				SWIFT_VERSION = 5.0;
				TARGETED_DEVICE_FAMILY = "1,2";
				TEST_HOST = "$(BUILT_PRODUCTS_DIR)/MuxStatsGoogleIMAPluginSPMExampleIOS.app/$(BUNDLE_EXECUTABLE_FOLDER_PATH)/MuxStatsGoogleIMAPluginSPMExampleIOS";
			};
			name = Release;
		};
		193D52AC2CAB6991004F20AA /* Debug */ = {
			isa = XCBuildConfiguration;
			buildSettings = {
				CODE_SIGN_STYLE = Automatic;
				CURRENT_PROJECT_VERSION = 1;
				DEVELOPMENT_TEAM = XX95P4Y787;
				GENERATE_INFOPLIST_FILE = YES;
				MARKETING_VERSION = 1.0;
				PRODUCT_BUNDLE_IDENTIFIER = com.mux.data.googleimaplugin.spmexample.ios.MuxStatsGoogleIMAPluginSPMExampleIOSUITests;
				PRODUCT_NAME = "$(TARGET_NAME)";
				SWIFT_EMIT_LOC_STRINGS = NO;
				SWIFT_VERSION = 5.0;
				TARGETED_DEVICE_FAMILY = "1,2";
				TEST_TARGET_NAME = MuxStatsGoogleIMAPluginSPMExampleIOS;
			};
			name = Debug;
		};
		193D52AD2CAB6991004F20AA /* Release */ = {
			isa = XCBuildConfiguration;
			buildSettings = {
				CODE_SIGN_STYLE = Automatic;
				CURRENT_PROJECT_VERSION = 1;
				DEVELOPMENT_TEAM = XX95P4Y787;
				GENERATE_INFOPLIST_FILE = YES;
				MARKETING_VERSION = 1.0;
				PRODUCT_BUNDLE_IDENTIFIER = com.mux.data.googleimaplugin.spmexample.ios.MuxStatsGoogleIMAPluginSPMExampleIOSUITests;
				PRODUCT_NAME = "$(TARGET_NAME)";
				SWIFT_EMIT_LOC_STRINGS = NO;
				SWIFT_VERSION = 5.0;
				TARGETED_DEVICE_FAMILY = "1,2";
				TEST_TARGET_NAME = MuxStatsGoogleIMAPluginSPMExampleIOS;
			};
			name = Release;
		};
/* End XCBuildConfiguration section */

/* Begin XCConfigurationList section */
		193D527C2CAB698F004F20AA /* Build configuration list for PBXProject "MuxStatsGoogleIMAPluginSPMExampleIOS" */ = {
			isa = XCConfigurationList;
			buildConfigurations = (
				193D52A32CAB6991004F20AA /* Debug */,
				193D52A42CAB6991004F20AA /* Release */,
			);
			defaultConfigurationIsVisible = 0;
			defaultConfigurationName = Release;
		};
		193D52A52CAB6991004F20AA /* Build configuration list for PBXNativeTarget "MuxStatsGoogleIMAPluginSPMExampleIOS" */ = {
			isa = XCConfigurationList;
			buildConfigurations = (
				193D52A62CAB6991004F20AA /* Debug */,
				193D52A72CAB6991004F20AA /* Release */,
			);
			defaultConfigurationIsVisible = 0;
			defaultConfigurationName = Release;
		};
		193D52A82CAB6991004F20AA /* Build configuration list for PBXNativeTarget "MuxStatsGoogleIMAPluginSPMExampleIOSTests" */ = {
			isa = XCConfigurationList;
			buildConfigurations = (
				193D52A92CAB6991004F20AA /* Debug */,
				193D52AA2CAB6991004F20AA /* Release */,
			);
			defaultConfigurationIsVisible = 0;
			defaultConfigurationName = Release;
		};
		193D52AB2CAB6991004F20AA /* Build configuration list for PBXNativeTarget "MuxStatsGoogleIMAPluginSPMExampleIOSUITests" */ = {
			isa = XCConfigurationList;
			buildConfigurations = (
				193D52AC2CAB6991004F20AA /* Debug */,
				193D52AD2CAB6991004F20AA /* Release */,
			);
			defaultConfigurationIsVisible = 0;
			defaultConfigurationName = Release;
		};
/* End XCConfigurationList section */

/* Begin XCLocalSwiftPackageReference section */
		19330C832CDB4A2C00F9221E /* XCLocalSwiftPackageReference "../../../mux-stats-google-ima" */ = {
			isa = XCLocalSwiftPackageReference;
			relativePath = "../../../mux-stats-google-ima";
		};
/* End XCLocalSwiftPackageReference section */

/* Begin XCSwiftPackageProductDependency section */
		19330C842CDB4A2C00F9221E /* MuxStatsGoogleIMAPlugin */ = {
			isa = XCSwiftPackageProductDependency;
			productName = MuxStatsGoogleIMAPlugin;
		};
		193D52B52CAB6B32004F20AA /* MuxStatsGoogleIMAPlugin */ = {
			isa = XCSwiftPackageProductDependency;
			productName = MuxStatsGoogleIMAPlugin;
		};
/* End XCSwiftPackageProductDependency section */
	};
	rootObject = 193D52792CAB698F004F20AA /* Project object */;
}
