{
  "originHash" : "efd187f8c07ff60c250813d6f9ba855e9a065eab3f154fdb3963f68d03b13ced",
  "pins" : [
    {
      "identity" : "mux-stats-sdk-avplayer",
      "kind" : "remoteSourceControl",
      "location" : "https://github.com/muxinc/mux-stats-sdk-avplayer",
      "state" : {
        "revision" : "97eb1dc268665aef7676347898156b394b02ca3d",
        "version" : "3.5.1"
      }
    },
    {
      "identity" : "stats-sdk-objc",
      "kind" : "remoteSourceControl",
      "location" : "https://github.com/muxinc/stats-sdk-objc.git",
      "state" : {
        "revision" : "982feb93c4601684b5e3eef9ad1a036e3ec117c7",
        "version" : "4.6.0"
      }
    },
    {
      "identity" : "swift-package-manager-google-interactive-media-ads-ios",
      "kind" : "remoteSourceControl",
      "location" : "https://github.com/googleads/swift-package-manager-google-interactive-media-ads-ios/",
      "state" : {
        "revision" : "516d008f0ed208a64c0d3678ef30c3efc438b654",
        "version" : "3.20.0"
      }
    }
  ],
  "version" : 3
}
