{
  "originHash" : "efd187f8c07ff60c250813d6f9ba855e9a065eab3f154fdb3963f68d03b13ced",
  "pins" : [
    {
      "identity" : "mux-stats-sdk-avplayer",
      "kind" : "remoteSourceControl",
      "location" : "https://github.com/muxinc/mux-stats-sdk-avplayer",
      "state" : {
        "revision" : "a8c04056f331218959fff89c9d249d7db6ecc73d",
        "version" : "4.12.0"
      }
    },
    {
      "identity" : "stats-sdk-objc",
      "kind" : "remoteSourceControl",
      "location" : "https://github.com/muxinc/stats-sdk-objc.git",
      "state" : {
        "revision" : "aba0b57a2fb75e154848b30ad8ec07283b520b75",
        "version" : "5.11.0"
      }
    },
    {
      "identity" : "swift-package-manager-google-interactive-media-ads-ios",
      "kind" : "remoteSourceControl",
      "location" : "https://github.com/googleads/swift-package-manager-google-interactive-media-ads-ios/",
      "state" : {
        "revision" : "9bd145421334f4c3a4650b2478b21a0aa842bffb",
        "version" : "3.30.1"
      }
    }
  ],
  "version" : 3
}
